
Microsoft Visual Studio Solution File, Format Version 12.00
# Visual Studio Version 17
VisualStudioVersion = 17.13.35931.197 d17.13
MinimumVisualStudioVersion = 10.0.40219.1
Project("{FAE04EC0-301F-11D3-BF4B-00C04F79EFBC}") = "dnd-weapons", "dnd-weapons\dnd-weapons.csproj", "{E5127A11-D966-4767-B1DC-193824EB018A}"
EndProject
Global
	GlobalSection(SolutionConfigurationPlatforms) = preSolution
		Debug|Any CPU = Debug|Any CPU
		Release|Any CPU = Release|Any CPU
	EndGlobalSection
	GlobalSection(ProjectConfigurationPlatforms) = postSolution
		{E5127A11-D966-4767-B1DC-193824EB018A}.Debug|Any CPU.ActiveCfg = Debug|Any CPU
		{E5127A11-D966-4767-B1DC-193824EB018A}.Debug|Any CPU.Build.0 = Debug|Any CPU
		{E5127A11-D966-4767-B1DC-193824EB018A}.Release|Any CPU.ActiveCfg = Release|Any CPU
		{E5127A11-D966-4767-B1DC-193824EB018A}.Release|Any CPU.Build.0 = Release|Any CPU
	EndGlobalSection
	GlobalSection(SolutionProperties) = preSolution
		HideSolutionNode = FALSE
	EndGlobalSection
	GlobalSection(ExtensibilityGlobals) = postSolution
		SolutionGuid = {6316F7E8-78D1-4E9F-8B9E-88A2C4351081}
	EndGlobalSection
EndGlobal
